<Solution>
  <Folder Name="/src/">
    <Project Path="Rased Project/Rased.UI.csproj" />
    <Project Path="Rased.Core/Rased.Core.csproj" Id="6e34fb85-4075-4bf8-a767-62a2120aecf4" />
    <Project Path="Rased.Infrustracture/Rased.Infrustracture.csproj" Id="9170bd4c-402d-4275-96f6-b068e582774d" />
  </Folder>
  <Folder Name="/Tests/" />
</Solution>
